{
  "nodes": {
    "nivis-tunnel": {
      "inputs": {
        "nixpkgs": [
          "nixpkgs"
        ]
      },
      "locked": {
        "lastModified": 1789407572,
        "narHash": "sha256-wUhh4XrjOUYXE8rtYHQJQrpQjrjtak66HDaxx9ZC7LQ=",
        "owner": "nivis-project",
        "repo": "nivis-tunnel",
        "rev": "a2a6180c29d56c495f9e8810f6fad35434cf8da4",
        "type": "github"
      },
      "original": {
        "owner": "nivis-project",
        "repo": "nivis-tunnel",
        "type": "github"
      }
    },
    "nixpkgs": {
      "locked": {
        "lastModified": 1789006805,
        "narHash": "sha256-xB8mKMOx1IA9vTDNLmJZ6n4wCMq/cuWBBOzGCRnqxrU=",
        "owner": "NixOS",
        "repo": "nixpkgs",
        "rev": "8ce4ef6cb6f871616146b9fe26d2a5ae594e94fe",
        "type": "github"
      },
      "original": {
        "owner": "NixOS",
        "ref": "nixos-unstable",
        "repo": "nixpkgs",
        "type": "github"
      }
    },
    "root": {
      "inputs": {
        "nivis-tunnel": "nivis-tunnel",
        "nixpkgs": "nixpkgs"
      }
    }
  },
  "root": "root",
  "version": 7
}
