{
  "nodes": {
    "nivis-tunnel": {
      "inputs": {
        "nixpkgs": [
          "nixpkgs"
        ]
      },
      "locked": {
        "lastModified": 1789143210,
        "narHash": "sha256-DztCTKnghaDsQiXxUT7WJj5fdd8+4hab75wZ5Ug2P8k=",
        "owner": "nivis-project",
        "repo": "nivis-tunnel",
        "rev": "3aeb2f97aa9d286cdc1d4f6e6ae1f440d02daa68",
        "type": "github"
      },
      "original": {
        "owner": "nivis-project",
        "repo": "nivis-tunnel",
        "type": "github"
      }
    },
    "nixpkgs": {
      "locked": {
        "lastModified": 1789006805,
        "narHash": "sha256-xB8mKMOx1IA9vTDNLmJZ6n4wCMq/cuWBBOzGCRnqxrU=",
        "owner": "NixOS",
        "repo": "nixpkgs",
        "rev": "8ce4ef6cb6f871616146b9fe26d2a5ae594e94fe",
        "type": "github"
      },
      "original": {
        "owner": "NixOS",
        "ref": "nixos-unstable",
        "repo": "nixpkgs",
        "type": "github"
      }
    },
    "root": {
      "inputs": {
        "nivis-tunnel": "nivis-tunnel",
        "nixpkgs": "nixpkgs"
      }
    }
  },
  "root": "root",
  "version": 7
}
